
Microsoft Visual Studio Solution File, Format Version 11.00
# Visual Studio 2010
Project("{FAE04EC0-301F-11D3-BF4B-00C04F79EFBC}") = "TowerDefence", "TowerDefence\TowerDefence\TowerDefence.csproj", "{90896660-4E2D-4490-94F0-13AA1D012410}"
EndProject
Project("{FAE04EC0-301F-11D3-BF4B-00C04F79EFBC}") = "TowerDefenceContent", "TowerDefence\TowerDefenceContent\TowerDefenceContent.contentproj", "{EEC41BC4-2405-4DCE-96BD-F3D8D422E5E0}"
EndProject
Global
	GlobalSection(SolutionConfigurationPlatforms) = preSolution
		Debug|x86 = Debug|x86
		Release|x86 = Release|x86
	EndGlobalSection
	GlobalSection(ProjectConfigurationPlatforms) = postSolution
		{90896660-4E2D-4490-94F0-13AA1D012410}.Debug|x86.ActiveCfg = Debug|x86
		{90896660-4E2D-4490-94F0-13AA1D012410}.Debug|x86.Build.0 = Debug|x86
		{90896660-4E2D-4490-94F0-13AA1D012410}.Release|x86.ActiveCfg = Release|x86
		{90896660-4E2D-4490-94F0-13AA1D012410}.Release|x86.Build.0 = Release|x86
		{EEC41BC4-2405-4DCE-96BD-F3D8D422E5E0}.Debug|x86.ActiveCfg = Debug|x86
		{EEC41BC4-2405-4DCE-96BD-F3D8D422E5E0}.Release|x86.ActiveCfg = Release|x86
	EndGlobalSection
	GlobalSection(SolutionProperties) = preSolution
		HideSolutionNode = FALSE
	EndGlobalSection
EndGlobal
